{
  "version": 4,
  "terraform_version": "1.5.6",
  "serial": 203,
  "lineage": "e55a2ab5-f877-000f-e7b4-62e023c5fcb3",
  "outputs": {},
  "resources": [
    {
      "module": "module.azure_firewall_01",
      "mode": "managed",
      "type": "azurerm_firewall",
      "name": "az-firewall",
      "provider": "provider[\"registry.terraform.io/hashicorp/azurerm\"]",
      "instances": [
        {
          "schema_version": 0,
          "attributes": {
            "dns_servers": [],
            "firewall_policy_id": "/subscriptions/7bd08d3b-3c7e-4fe2-ba21-cd48031cc3b9/resourceGroups/Hub-rg/providers/Microsoft.Network/firewallPolicies/Hub-eastus2-afw-pol01",
            "id": "/subscriptions/7bd08d3b-3c7e-4fe2-ba21-cd48031cc3b9/resourceGroups/Hub-rg/providers/Microsoft.Network/azureFirewalls/Hub-eastus2-afw",
            "ip_configuration": [
              {
                "name": "configuration",
                "private_ip_address": "10.20.2.4",
                "public_ip_address_id": "/subscriptions/7bd08d3b-3c7e-4fe2-ba21-cd48031cc3b9/resourceGroups/Hub-rg/providers/Microsoft.Network/publicIPAddresses/Hub-afw-pip03",
                "subnet_id": "/subscriptions/7bd08d3b-3c7e-4fe2-ba21-cd48031cc3b9/resourceGroups/Hub-rg/providers/Microsoft.Network/virtualNetworks/Hub-vnet/subnets/AzureFirewallSubnet"
              }
            ],
            "location": "eastus2",
            "management_ip_configuration": [],
            "name": "Hub-eastus2-afw",
            "private_ip_ranges": [],
            "resource_group_name": "Hub-rg",
            "sku_name": "AZFW_VNet",
            "sku_tier": "Standard",
            "tags": {},
            "threat_intel_mode": "Alert",
            "timeouts": null,
            "virtual_hub": [],
            "zones": []
          },
          "sensitive_attributes": [],
          "private": "eyJlMmJmYjczMC1lY2FhLTExZTYtOGY4OC0zNDM2M2JjN2M0YzAiOnsiY3JlYXRlIjo1NDAwMDAwMDAwMDAwLCJkZWxldGUiOjU0MDAwMDAwMDAwMDAsInJlYWQiOjMwMDAwMDAwMDAwMCwidXBkYXRlIjo1NDAwMDAwMDAwMDAwfX0=",
          "dependencies": [
            "module.azure_firewall_01.azurerm_firewall_policy.az-firewall-pol01",
            "module.hub-resourcegroup.azurerm_resource_group.az-rg",
            "module.hub-vnet.azurerm_subnet.subnet",
            "module.hub-vnet.azurerm_virtual_network.vnet",
            "module.public_ip_03.azurerm_public_ip.pip"
          ]
        }
      ]
    },
    {
      "module": "module.azure_firewall_01",
      "mode": "managed",
      "type": "azurerm_firewall_policy",
      "name": "az-firewall-pol01",
      "provider": "provider[\"registry.terraform.io/hashicorp/azurerm\"]",
      "instances": [
        {
          "schema_version": 0,
          "attributes": {
            "auto_learn_private_ranges_enabled": false,
            "base_policy_id": "",
            "child_policies": [],
            "dns": [],
            "explicit_proxy": [],
            "firewalls": [
              "/subscriptions/7bd08d3b-3c7e-4fe2-ba21-cd48031cc3b9/resourceGroups/Hub-rg/providers/Microsoft.Network/azureFirewalls/Hub-eastus2-afw"
            ],
            "id": "/subscriptions/7bd08d3b-3c7e-4fe2-ba21-cd48031cc3b9/resourceGroups/Hub-rg/providers/Microsoft.Network/firewallPolicies/Hub-eastus2-afw-pol01",
            "identity": [],
            "insights": [],
            "intrusion_detection": [],
            "location": "eastus2",
            "name": "Hub-eastus2-afw-pol01",
            "private_ip_ranges": [],
            "resource_group_name": "Hub-rg",
            "rule_collection_groups": [
              "/subscriptions/7bd08d3b-3c7e-4fe2-ba21-cd48031cc3b9/resourceGroups/Hub-rg/providers/Microsoft.Network/firewallPolicies/Hub-eastus2-afw-pol01/ruleCollectionGroups/Hub-eastus2-afw-coll-pol01"
            ],
            "sku": "Standard",
            "sql_redirect_allowed": null,
            "tags": {},
            "threat_intelligence_allowlist": [],
            "threat_intelligence_mode": "Alert",
            "timeouts": null,
            "tls_certificate": []
          },
          "sensitive_attributes": [],
          "private": "eyJlMmJmYjczMC1lY2FhLTExZTYtOGY4OC0zNDM2M2JjN2M0YzAiOnsiY3JlYXRlIjoxODAwMDAwMDAwMDAwLCJkZWxldGUiOjE4MDAwMDAwMDAwMDAsInJlYWQiOjMwMDAwMDAwMDAwMCwidXBkYXRlIjoxODAwMDAwMDAwMDAwfX0=",
          "dependencies": [
            "module.hub-resourcegroup.azurerm_resource_group.az-rg",
            "module.hub-vnet.azurerm_subnet.subnet",
            "module.hub-vnet.azurerm_virtual_network.vnet"
          ]
        }
      ]
    },
    {
      "module": "module.hub-resourcegroup",
      "mode": "managed",
      "type": "azurerm_resource_group",
      "name": "az-rg",
      "provider": "provider[\"registry.terraform.io/hashicorp/azurerm\"]",
      "instances": [
        {
          "schema_version": 0,
          "attributes": {
            "id": "/subscriptions/7bd08d3b-3c7e-4fe2-ba21-cd48031cc3b9/resourceGroups/Hub-rg",
            "location": "eastus2",
            "managed_by": "",
            "name": "Hub-rg",
            "tags": {
              "ApplicationName": "Network",
              "CompanyName": "NETB",
              "Criticality": "Medium",
              "DR": "No",
              "Environment": "Prod",
              "Owner": "IT",
              "Role": "Network"
            },
            "timeouts": null
          },
          "sensitive_attributes": [],
          "private": "eyJlMmJmYjczMC1lY2FhLTExZTYtOGY4OC0zNDM2M2JjN2M0YzAiOnsiY3JlYXRlIjo1NDAwMDAwMDAwMDAwLCJkZWxldGUiOjU0MDAwMDAwMDAwMDAsInJlYWQiOjMwMDAwMDAwMDAwMCwidXBkYXRlIjo1NDAwMDAwMDAwMDAwfX0="
        }
      ]
    },
    {
      "module": "module.hub-vnet",
      "mode": "managed",
      "type": "azurerm_subnet",
      "name": "subnet",
      "provider": "provider[\"registry.terraform.io/hashicorp/azurerm\"]",
      "instances": [
        {
          "index_key": "ApplicationGatewaySubnet",
          "schema_version": 0,
          "attributes": {
            "address_prefixes": [
              "10.20.3.0/24"
            ],
            "delegation": [],
            "enforce_private_link_endpoint_network_policies": false,
            "enforce_private_link_service_network_policies": false,
            "id": "/subscriptions/7bd08d3b-3c7e-4fe2-ba21-cd48031cc3b9/resourceGroups/Hub-rg/providers/Microsoft.Network/virtualNetworks/Hub-vnet/subnets/ApplicationGatewaySubnet",
            "name": "ApplicationGatewaySubnet",
            "private_endpoint_network_policies_enabled": true,
            "private_link_service_network_policies_enabled": true,
            "resource_group_name": "Hub-rg",
            "service_endpoint_policy_ids": [],
            "service_endpoints": [],
            "timeouts": null,
            "virtual_network_name": "Hub-vnet"
          },
          "sensitive_attributes": [],
          "private": "eyJlMmJmYjczMC1lY2FhLTExZTYtOGY4OC0zNDM2M2JjN2M0YzAiOnsiY3JlYXRlIjoxODAwMDAwMDAwMDAwLCJkZWxldGUiOjE4MDAwMDAwMDAwMDAsInJlYWQiOjMwMDAwMDAwMDAwMCwidXBkYXRlIjoxODAwMDAwMDAwMDAwfX0=",
          "dependencies": [
            "module.hub-resourcegroup.azurerm_resource_group.az-rg",
            "module.hub-vnet.azurerm_virtual_network.vnet"
          ]
        },
        {
          "index_key": "AzureBastionSubnet",
          "schema_version": 0,
          "attributes": {
            "address_prefixes": [
              "10.20.4.0/24"
            ],
            "delegation": [],
            "enforce_private_link_endpoint_network_policies": false,
            "enforce_private_link_service_network_policies": false,
            "id": "/subscriptions/7bd08d3b-3c7e-4fe2-ba21-cd48031cc3b9/resourceGroups/Hub-rg/providers/Microsoft.Network/virtualNetworks/Hub-vnet/subnets/AzureBastionSubnet",
            "name": "AzureBastionSubnet",
            "private_endpoint_network_policies_enabled": true,
            "private_link_service_network_policies_enabled": true,
            "resource_group_name": "Hub-rg",
            "service_endpoint_policy_ids": [],
            "service_endpoints": [],
            "timeouts": null,
            "virtual_network_name": "Hub-vnet"
          },
          "sensitive_attributes": [],
          "private": "eyJlMmJmYjczMC1lY2FhLTExZTYtOGY4OC0zNDM2M2JjN2M0YzAiOnsiY3JlYXRlIjoxODAwMDAwMDAwMDAwLCJkZWxldGUiOjE4MDAwMDAwMDAwMDAsInJlYWQiOjMwMDAwMDAwMDAwMCwidXBkYXRlIjoxODAwMDAwMDAwMDAwfX0=",
          "dependencies": [
            "module.hub-resourcegroup.azurerm_resource_group.az-rg",
            "module.hub-vnet.azurerm_virtual_network.vnet"
          ]
        },
        {
          "index_key": "AzureFirewallSubnet",
          "schema_version": 0,
          "attributes": {
            "address_prefixes": [
              "10.20.2.0/24"
            ],
            "delegation": [],
            "enforce_private_link_endpoint_network_policies": false,
            "enforce_private_link_service_network_policies": false,
            "id": "/subscriptions/7bd08d3b-3c7e-4fe2-ba21-cd48031cc3b9/resourceGroups/Hub-rg/providers/Microsoft.Network/virtualNetworks/Hub-vnet/subnets/AzureFirewallSubnet",
            "name": "AzureFirewallSubnet",
            "private_endpoint_network_policies_enabled": true,
            "private_link_service_network_policies_enabled": true,
            "resource_group_name": "Hub-rg",
            "service_endpoint_policy_ids": [],
            "service_endpoints": [],
            "timeouts": null,
            "virtual_network_name": "Hub-vnet"
          },
          "sensitive_attributes": [],
          "private": "eyJlMmJmYjczMC1lY2FhLTExZTYtOGY4OC0zNDM2M2JjN2M0YzAiOnsiY3JlYXRlIjoxODAwMDAwMDAwMDAwLCJkZWxldGUiOjE4MDAwMDAwMDAwMDAsInJlYWQiOjMwMDAwMDAwMDAwMCwidXBkYXRlIjoxODAwMDAwMDAwMDAwfX0=",
          "dependencies": [
            "module.hub-resourcegroup.azurerm_resource_group.az-rg",
            "module.hub-vnet.azurerm_virtual_network.vnet"
          ]
        },
        {
          "index_key": "GatewaySubnet",
          "schema_version": 0,
          "attributes": {
            "address_prefixes": [
              "10.20.1.0/24"
            ],
            "delegation": [],
            "enforce_private_link_endpoint_network_policies": false,
            "enforce_private_link_service_network_policies": false,
            "id": "/subscriptions/7bd08d3b-3c7e-4fe2-ba21-cd48031cc3b9/resourceGroups/Hub-rg/providers/Microsoft.Network/virtualNetworks/Hub-vnet/subnets/GatewaySubnet",
            "name": "GatewaySubnet",
            "private_endpoint_network_policies_enabled": true,
            "private_link_service_network_policies_enabled": true,
            "resource_group_name": "Hub-rg",
            "service_endpoint_policy_ids": [],
            "service_endpoints": [],
            "timeouts": null,
            "virtual_network_name": "Hub-vnet"
          },
          "sensitive_attributes": [],
          "private": "eyJlMmJmYjczMC1lY2FhLTExZTYtOGY4OC0zNDM2M2JjN2M0YzAiOnsiY3JlYXRlIjoxODAwMDAwMDAwMDAwLCJkZWxldGUiOjE4MDAwMDAwMDAwMDAsInJlYWQiOjMwMDAwMDAwMDAwMCwidXBkYXRlIjoxODAwMDAwMDAwMDAwfX0=",
          "dependencies": [
            "module.hub-resourcegroup.azurerm_resource_group.az-rg",
            "module.hub-vnet.azurerm_virtual_network.vnet"
          ]
        },
        {
          "index_key": "JumpboxSubnet",
          "schema_version": 0,
          "attributes": {
            "address_prefixes": [
              "10.20.5.0/24"
            ],
            "delegation": [],
            "enforce_private_link_endpoint_network_policies": false,
            "enforce_private_link_service_network_policies": false,
            "id": "/subscriptions/7bd08d3b-3c7e-4fe2-ba21-cd48031cc3b9/resourceGroups/Hub-rg/providers/Microsoft.Network/virtualNetworks/Hub-vnet/subnets/JumpboxSubnet",
            "name": "JumpboxSubnet",
            "private_endpoint_network_policies_enabled": true,
            "private_link_service_network_policies_enabled": true,
            "resource_group_name": "Hub-rg",
            "service_endpoint_policy_ids": [],
            "service_endpoints": [],
            "timeouts": null,
            "virtual_network_name": "Hub-vnet"
          },
          "sensitive_attributes": [],
          "private": "eyJlMmJmYjczMC1lY2FhLTExZTYtOGY4OC0zNDM2M2JjN2M0YzAiOnsiY3JlYXRlIjoxODAwMDAwMDAwMDAwLCJkZWxldGUiOjE4MDAwMDAwMDAwMDAsInJlYWQiOjMwMDAwMDAwMDAwMCwidXBkYXRlIjoxODAwMDAwMDAwMDAwfX0=",
          "dependencies": [
            "module.hub-resourcegroup.azurerm_resource_group.az-rg",
            "module.hub-vnet.azurerm_virtual_network.vnet"
          ]
        }
      ]
    },
    {
      "module": "module.hub-vnet",
      "mode": "managed",
      "type": "azurerm_virtual_network",
      "name": "vnet",
      "provider": "provider[\"registry.terraform.io/hashicorp/azurerm\"]",
      "instances": [
        {
          "schema_version": 0,
          "attributes": {
            "address_space": [
              "10.20.0.0/16"
            ],
            "bgp_community": "",
            "ddos_protection_plan": [],
            "dns_servers": [],
            "edge_zone": "",
            "encryption": [],
            "flow_timeout_in_minutes": 0,
            "guid": "598c032f-3f47-4245-a787-b0d8e528e57c",
            "id": "/subscriptions/7bd08d3b-3c7e-4fe2-ba21-cd48031cc3b9/resourceGroups/Hub-rg/providers/Microsoft.Network/virtualNetworks/Hub-vnet",
            "location": "eastus2",
            "name": "Hub-vnet",
            "resource_group_name": "Hub-rg",
            "subnet": [
              {
                "address_prefix": "10.20.1.0/24",
                "id": "/subscriptions/7bd08d3b-3c7e-4fe2-ba21-cd48031cc3b9/resourceGroups/Hub-rg/providers/Microsoft.Network/virtualNetworks/Hub-vnet/subnets/GatewaySubnet",
                "name": "GatewaySubnet",
                "security_group": ""
              },
              {
                "address_prefix": "10.20.2.0/24",
                "id": "/subscriptions/7bd08d3b-3c7e-4fe2-ba21-cd48031cc3b9/resourceGroups/Hub-rg/providers/Microsoft.Network/virtualNetworks/Hub-vnet/subnets/AzureFirewallSubnet",
                "name": "AzureFirewallSubnet",
                "security_group": ""
              },
              {
                "address_prefix": "10.20.3.0/24",
                "id": "/subscriptions/7bd08d3b-3c7e-4fe2-ba21-cd48031cc3b9/resourceGroups/Hub-rg/providers/Microsoft.Network/virtualNetworks/Hub-vnet/subnets/ApplicationGatewaySubnet",
                "name": "ApplicationGatewaySubnet",
                "security_group": ""
              },
              {
                "address_prefix": "10.20.4.0/24",
                "id": "/subscriptions/7bd08d3b-3c7e-4fe2-ba21-cd48031cc3b9/resourceGroups/Hub-rg/providers/Microsoft.Network/virtualNetworks/Hub-vnet/subnets/AzureBastionSubnet",
                "name": "AzureBastionSubnet",
                "security_group": ""
              },
              {
                "address_prefix": "10.20.5.0/24",
                "id": "/subscriptions/7bd08d3b-3c7e-4fe2-ba21-cd48031cc3b9/resourceGroups/Hub-rg/providers/Microsoft.Network/virtualNetworks/Hub-vnet/subnets/JumpboxSubnet",
                "name": "JumpboxSubnet",
                "security_group": ""
              }
            ],
            "tags": {},
            "timeouts": null
          },
          "sensitive_attributes": [],
          "private": "eyJlMmJmYjczMC1lY2FhLTExZTYtOGY4OC0zNDM2M2JjN2M0YzAiOnsiY3JlYXRlIjoxODAwMDAwMDAwMDAwLCJkZWxldGUiOjE4MDAwMDAwMDAwMDAsInJlYWQiOjMwMDAwMDAwMDAwMCwidXBkYXRlIjoxODAwMDAwMDAwMDAwfX0=",
          "dependencies": [
            "module.hub-resourcegroup.azurerm_resource_group.az-rg"
          ]
        }
      ]
    },
    {
      "module": "module.public_ip_03",
      "mode": "managed",
      "type": "azurerm_public_ip",
      "name": "pip",
      "provider": "provider[\"registry.terraform.io/hashicorp/azurerm\"]",
      "instances": [
        {
          "schema_version": 0,
          "attributes": {
            "allocation_method": "Static",
            "ddos_protection_mode": "VirtualNetworkInherited",
            "ddos_protection_plan_id": null,
            "domain_name_label": null,
            "edge_zone": "",
            "fqdn": null,
            "id": "/subscriptions/7bd08d3b-3c7e-4fe2-ba21-cd48031cc3b9/resourceGroups/Hub-rg/providers/Microsoft.Network/publicIPAddresses/Hub-afw-pip03",
            "idle_timeout_in_minutes": 4,
            "ip_address": "172.172.29.6",
            "ip_tags": {},
            "ip_version": "IPv4",
            "location": "eastus2",
            "name": "Hub-afw-pip03",
            "public_ip_prefix_id": null,
            "resource_group_name": "Hub-rg",
            "reverse_fqdn": null,
            "sku": "Standard",
            "sku_tier": "Regional",
            "tags": {},
            "timeouts": null,
            "zones": []
          },
          "sensitive_attributes": [],
          "private": "eyJlMmJmYjczMC1lY2FhLTExZTYtOGY4OC0zNDM2M2JjN2M0YzAiOnsiY3JlYXRlIjoxODAwMDAwMDAwMDAwLCJkZWxldGUiOjE4MDAwMDAwMDAwMDAsInJlYWQiOjMwMDAwMDAwMDAwMCwidXBkYXRlIjoxODAwMDAwMDAwMDAwfX0=",
          "dependencies": [
            "module.hub-resourcegroup.azurerm_resource_group.az-rg"
          ]
        }
      ]
    }
  ],
  "check_results": null
}
